{
  "name": "Threejs-Journey",
  "lockfileVersion": 2,
  "requires": true,
  "packages": {
    "": {
      "dependencies": {
        "postprocessing": "^6.30.1",
        "three": "^0.149.0"
      }
    },
    "node_modules/postprocessing": {
      "version": "6.30.1",
      "resolved": "https://registry.npmjs.org/postprocessing/-/postprocessing-6.30.1.tgz",
      "integrity": "sha512-GkBrQtX6KjNz+Pz3+ABvP1aXKCCW7h/tuE37wlM90WZLbaGfJ7eSIBN2gPgKExuK584IPde0YOoNiuWMr7PNCQ==",
      "engines": {
        "node": ">= 0.13.2"
      },
      "peerDependencies": {
        "three": ">= 0.138.0 < 0.151.0"
      }
    },
    "node_modules/three": {
      "version": "0.149.0",
      "resolved": "https://registry.npmjs.org/three/-/three-0.149.0.tgz",
      "integrity": "sha512-tohpUxPDht0qExRLDTM8sjRLc5d9STURNrdnK3w9A+V4pxaTBfKWWT/IqtiLfg23Vfc3Z+ImNfvRw1/0CtxrkQ=="
    }
  },
  "dependencies": {
    "postprocessing": {
      "version": "6.30.1",
      "resolved": "https://registry.npmjs.org/postprocessing/-/postprocessing-6.30.1.tgz",
      "integrity": "sha512-GkBrQtX6KjNz+Pz3+ABvP1aXKCCW7h/tuE37wlM90WZLbaGfJ7eSIBN2gPgKExuK584IPde0YOoNiuWMr7PNCQ==",
      "requires": {}
    },
    "three": {
      "version": "0.149.0",
      "resolved": "https://registry.npmjs.org/three/-/three-0.149.0.tgz",
      "integrity": "sha512-tohpUxPDht0qExRLDTM8sjRLc5d9STURNrdnK3w9A+V4pxaTBfKWWT/IqtiLfg23Vfc3Z+ImNfvRw1/0CtxrkQ=="
    }
  }
}
